{
  "name": "tools_api",
  "lockfileVersion": 2,
  "requires": true,
  "packages": {
    "": {
      "devDependencies": {
        "allure-commandline": "^2.24.1"
      }
    },
    "node_modules/allure-commandline": {
      "version": "2.24.1",
      "resolved": "https://registry.npmjs.org/allure-commandline/-/allure-commandline-2.24.1.tgz",
      "integrity": "sha512-eNto3ipBq+O2B/f8/OwiS3E8R7jYENs3qv8jT7wMZmziYLANsISC9tX/FfEqR3FDiQlEOjkP7iyTEZ3ph53FPg==",
      "dev": true,
      "bin": {
        "allure": "bin/allure"
      }
    }
  },
  "dependencies": {
    "allure-commandline": {
      "version": "2.24.1",
      "resolved": "https://registry.npmjs.org/allure-commandline/-/allure-commandline-2.24.1.tgz",
      "integrity": "sha512-eNto3ipBq+O2B/f8/OwiS3E8R7jYENs3qv8jT7wMZmziYLANsISC9tX/FfEqR3FDiQlEOjkP7iyTEZ3ph53FPg==",
      "dev": true
    }
  }
}
